
Microsoft Visual Studio Solution File, Format Version 12.00
# Visual Studio Version 17
VisualStudioVersion = 17.0.31912.275
MinimumVisualStudioVersion = 10.0.40219.1
Project("{2150E333-8FDC-42A3-9474-1A3956D46DE8}") = "DigitalRune", "DigitalRune", "{04E8B32E-5407-4D18-82CC-27F35EE8A333}"
EndProject
Project("{9A19103F-16F7-4668-BE54-9A1E7A4F7556}") = "DigitalRune.ServiceLocation", "..\DigitalRune.ServiceLocation\DigitalRune.ServiceLocation.csproj", "{04B2AA97-7677-4931-80B0-DDD988A64D97}"
EndProject
Project("{9A19103F-16F7-4668-BE54-9A1E7A4F7556}") = "DigitalRune", "..\DigitalRune\DigitalRune.csproj", "{E400498B-18D9-4ED0-959D-D2EFE3AD0E2A}"
EndProject
Project("{2150E333-8FDC-42A3-9474-1A3956D46DE8}") = "ECS", "ECS", "{894375BC-CB18-4BBD-8300-C037A425A024}"
EndProject
Project("{9A19103F-16F7-4668-BE54-9A1E7A4F7556}") = "Arch", "..\Arch\src\Arch\Arch.csproj", "{342D1E91-9E00-406F-9CE0-B666E6803621}"
EndProject
Project("{9A19103F-16F7-4668-BE54-9A1E7A4F7556}") = "Arch.SourceGen", "..\Arch\src\Arch.SourceGen\Arch.SourceGen.csproj", "{32AB5524-539F-44CE-9660-1EE21DDE836C}"
EndProject
Project("{FAE04EC0-301F-11D3-BF4B-00C04F79EFBC}") = "DigitalRune.Persistence", "..\DigitalRune.Persistence\DigitalRune.Persistence.csproj", "{7F7B7F05-500A-4462-98AF-C306A8DADC62}"
EndProject
Project("{FAE04EC0-301F-11D3-BF4B-00C04F79EFBC}") = "DigitalRune.Logging", "..\DigitalRune.Logging\DigitalRune.Logging.csproj", "{CBF81E32-2EDD-498A-AE1F-D25D66FC80F6}"
EndProject
Project("{FAE04EC0-301F-11D3-BF4B-00C04F79EFBC}") = "DBDHunter", "src\DBDHunter\DBDHunter.csproj", "{DA20AC48-3285-4CE9-8252-F44862127D6D}"
EndProject
Project("{FAE04EC0-301F-11D3-BF4B-00C04F79EFBC}") = "DBDHunter.Editor", "src\DBDHunter.Editor\DBDHunter.Editor.csproj", "{7113DE9D-E5C5-4523-B459-B1E3148F9D8B}"
EndProject
Project("{2150E333-8FDC-42A3-9474-1A3956D46DE8}") = "Murder", "Murder", "{CD2B43C0-24D2-494C-A7AF-A9DF35BE771D}"
EndProject
Project("{FAE04EC0-301F-11D3-BF4B-00C04F79EFBC}") = "Murder", "..\murder\src\Murder\Murder.csproj", "{60EFB16F-26FA-4459-8E64-F16F7A0CC063}"
EndProject
Project("{FAE04EC0-301F-11D3-BF4B-00C04F79EFBC}") = "Bang", "..\murder\bang\src\Bang\Bang.csproj", "{96C0DE66-186D-4E9D-B270-566FC76217C8}"
EndProject
Project("{FAE04EC0-301F-11D3-BF4B-00C04F79EFBC}") = "Bang.Analyzers", "..\murder\bang\src\Bang.Analyzers\Bang.Analyzers.csproj", "{35F99E2C-BB99-4DA2-82B1-C76D43004295}"
EndProject
Project("{FAE04EC0-301F-11D3-BF4B-00C04F79EFBC}") = "Bang.Generator", "..\murder\bang\src\Bang.Generator\Bang.Generator.csproj", "{2C4C14F5-C5D7-4D1A-9099-D8A45B123CC5}"
EndProject
Project("{FAE04EC0-301F-11D3-BF4B-00C04F79EFBC}") = "Murder.Editor", "..\murder\src\Murder.Editor\Murder.Editor.csproj", "{791A36DD-F83F-40BE-AC5C-28D4952F0537}"
EndProject
Project("{FAE04EC0-301F-11D3-BF4B-00C04F79EFBC}") = "Murder.Serializer", "..\murder\src\Murder.Serializer\Murder.Serializer.csproj", "{40333193-93C2-4058-9D15-866AE95BDF8C}"
EndProject
Project("{FAE04EC0-301F-11D3-BF4B-00C04F79EFBC}") = "DigitalRune.Mathematics", "..\DigitalRune.Mathematics\DigitalRune.Mathematics.csproj", "{5DF8DD4C-37DF-4EB2-A88D-F3D87C6DEE60}"
EndProject
Project("{FAE04EC0-301F-11D3-BF4B-00C04F79EFBC}") = "DigitalRune.Geometry", "..\DigitalRune.Geometry\DigitalRune.Geometry.csproj", "{170811B4-AE1A-471F-BF71-0591D6F26729}"
EndProject
Project("{FAE04EC0-301F-11D3-BF4B-00C04F79EFBC}") = "DigitalRune.Graphics", "..\DigitalRune.Graphics\DigitalRune.Graphics.csproj", "{4B484126-D34F-4A05-8664-D4938EB8E172}"
EndProject
Project("{FAE04EC0-301F-11D3-BF4B-00C04F79EFBC}") = "DigitalRune.Animation", "..\DigitalRune.Animation\DigitalRune.Animation.csproj", "{5A85FC05-AE28-469D-A5AF-6496F13BA659}"
EndProject
Project("{FAE04EC0-301F-11D3-BF4B-00C04F79EFBC}") = "DigitalRune.Assets", "..\DigitalRune.Assets\DigitalRune.Assets.csproj", "{79F6B6A7-84BA-488B-8CCF-78B0F1B91A1F}"
EndProject
Project("{FAE04EC0-301F-11D3-BF4B-00C04F79EFBC}") = "DigitalRune.Particles", "..\DigitalRune.Particles\DigitalRune.Particles.csproj", "{1DC8850A-74F5-4F4B-A2D2-119DEB1FE112}"
EndProject
Project("{FAE04EC0-301F-11D3-BF4B-00C04F79EFBC}") = "DigitalRune.Graphics.Content", "..\DigitalRune.Graphics.Content\DigitalRune.Graphics.Content.csproj", "{EFA1C2FC-5328-4345-8FD5-82CC19CF2D4F}"
EndProject
Project("{FAE04EC0-301F-11D3-BF4B-00C04F79EFBC}") = "Gum", "..\murder\gum\src\Gum\Gum.csproj", "{C64897FD-6C25-4521-8862-54610E9C3B9E}"
EndProject
Global
	GlobalSection(SolutionConfigurationPlatforms) = preSolution
		Debug|Any CPU = Debug|Any CPU
		Release|Any CPU = Release|Any CPU
		DebugMurderFNA|Any CPU = DebugMurderFNA|Any CPU
	EndGlobalSection
	GlobalSection(ProjectConfigurationPlatforms) = postSolution
		{04B2AA97-7677-4931-80B0-DDD988A64D97}.Debug|Any CPU.ActiveCfg = Debug|Any CPU
		{04B2AA97-7677-4931-80B0-DDD988A64D97}.Release|Any CPU.ActiveCfg = Release|Any CPU
		{04B2AA97-7677-4931-80B0-DDD988A64D97}.Release|Any CPU.Build.0 = Release|Any CPU
		{04B2AA97-7677-4931-80B0-DDD988A64D97}.DebugMurderFNA|Any CPU.ActiveCfg = DebugMurderFNA|Any CPU
		{04B2AA97-7677-4931-80B0-DDD988A64D97}.DebugMurderFNA|Any CPU.Build.0 = DebugMurderFNA|Any CPU
		{E400498B-18D9-4ED0-959D-D2EFE3AD0E2A}.Debug|Any CPU.ActiveCfg = Debug|Any CPU
		{E400498B-18D9-4ED0-959D-D2EFE3AD0E2A}.Debug|Any CPU.Build.0 = Debug|Any CPU
		{E400498B-18D9-4ED0-959D-D2EFE3AD0E2A}.Release|Any CPU.ActiveCfg = Release|Any CPU
		{E400498B-18D9-4ED0-959D-D2EFE3AD0E2A}.Release|Any CPU.Build.0 = Release|Any CPU
		{E400498B-18D9-4ED0-959D-D2EFE3AD0E2A}.DebugMurderFNA|Any CPU.ActiveCfg = DebugMurderFNA|Any CPU
		{E400498B-18D9-4ED0-959D-D2EFE3AD0E2A}.DebugMurderFNA|Any CPU.Build.0 = DebugMurderFNA|Any CPU
		{342D1E91-9E00-406F-9CE0-B666E6803621}.Debug|Any CPU.ActiveCfg = Debug|Any CPU
		{342D1E91-9E00-406F-9CE0-B666E6803621}.Release|Any CPU.ActiveCfg = Release|Any CPU
		{342D1E91-9E00-406F-9CE0-B666E6803621}.Release|Any CPU.Build.0 = Release|Any CPU
		{342D1E91-9E00-406F-9CE0-B666E6803621}.DebugMurderFNA|Any CPU.ActiveCfg = DebugMurderFNA|Any CPU
		{32AB5524-539F-44CE-9660-1EE21DDE836C}.Debug|Any CPU.ActiveCfg = Debug|Any CPU
		{32AB5524-539F-44CE-9660-1EE21DDE836C}.Release|Any CPU.ActiveCfg = Release|Any CPU
		{32AB5524-539F-44CE-9660-1EE21DDE836C}.Release|Any CPU.Build.0 = Release|Any CPU
		{32AB5524-539F-44CE-9660-1EE21DDE836C}.DebugMurderFNA|Any CPU.ActiveCfg = DebugMurderFNA|Any CPU
		{7F7B7F05-500A-4462-98AF-C306A8DADC62}.Debug|Any CPU.ActiveCfg = Debug|Any CPU
		{7F7B7F05-500A-4462-98AF-C306A8DADC62}.Release|Any CPU.ActiveCfg = Release|Any CPU
		{7F7B7F05-500A-4462-98AF-C306A8DADC62}.Release|Any CPU.Build.0 = Release|Any CPU
		{7F7B7F05-500A-4462-98AF-C306A8DADC62}.DebugMurderFNA|Any CPU.ActiveCfg = DebugMurderFNA|Any CPU
		{7F7B7F05-500A-4462-98AF-C306A8DADC62}.DebugMurderFNA|Any CPU.Build.0 = DebugMurderFNA|Any CPU
		{CBF81E32-2EDD-498A-AE1F-D25D66FC80F6}.Debug|Any CPU.ActiveCfg = Debug|Any CPU
		{CBF81E32-2EDD-498A-AE1F-D25D66FC80F6}.Release|Any CPU.ActiveCfg = Release|Any CPU
		{CBF81E32-2EDD-498A-AE1F-D25D66FC80F6}.Release|Any CPU.Build.0 = Release|Any CPU
		{CBF81E32-2EDD-498A-AE1F-D25D66FC80F6}.DebugMurderFNA|Any CPU.ActiveCfg = DebugMurderFNA|Any CPU
		{DA20AC48-3285-4CE9-8252-F44862127D6D}.Debug|Any CPU.ActiveCfg = Debug|Any CPU
		{DA20AC48-3285-4CE9-8252-F44862127D6D}.Debug|Any CPU.Build.0 = Debug|Any CPU
		{DA20AC48-3285-4CE9-8252-F44862127D6D}.Release|Any CPU.ActiveCfg = Release|Any CPU
		{DA20AC48-3285-4CE9-8252-F44862127D6D}.Release|Any CPU.Build.0 = Release|Any CPU
		{DA20AC48-3285-4CE9-8252-F44862127D6D}.DebugMurderFNA|Any CPU.ActiveCfg = DebugMurderFNA|Any CPU
		{DA20AC48-3285-4CE9-8252-F44862127D6D}.DebugMurderFNA|Any CPU.Build.0 = DebugMurderFNA|Any CPU
		{7113DE9D-E5C5-4523-B459-B1E3148F9D8B}.Debug|Any CPU.ActiveCfg = Debug|Any CPU
		{7113DE9D-E5C5-4523-B459-B1E3148F9D8B}.Debug|Any CPU.Build.0 = Debug|Any CPU
		{7113DE9D-E5C5-4523-B459-B1E3148F9D8B}.Release|Any CPU.ActiveCfg = Release|Any CPU
		{7113DE9D-E5C5-4523-B459-B1E3148F9D8B}.Release|Any CPU.Build.0 = Release|Any CPU
		{7113DE9D-E5C5-4523-B459-B1E3148F9D8B}.DebugMurderFNA|Any CPU.ActiveCfg = DebugMurderFNA|Any CPU
		{7113DE9D-E5C5-4523-B459-B1E3148F9D8B}.DebugMurderFNA|Any CPU.Build.0 = DebugMurderFNA|Any CPU
		{60EFB16F-26FA-4459-8E64-F16F7A0CC063}.Debug|Any CPU.ActiveCfg = Debug|Any CPU
		{60EFB16F-26FA-4459-8E64-F16F7A0CC063}.Release|Any CPU.ActiveCfg = Release|Any CPU
		{60EFB16F-26FA-4459-8E64-F16F7A0CC063}.Release|Any CPU.Build.0 = Release|Any CPU
		{60EFB16F-26FA-4459-8E64-F16F7A0CC063}.Debug|Any CPU.Build.0 = Debug|Any CPU
		{60EFB16F-26FA-4459-8E64-F16F7A0CC063}.DebugMurderFNA|Any CPU.ActiveCfg = DebugMurderFNA|Any CPU
		{60EFB16F-26FA-4459-8E64-F16F7A0CC063}.DebugMurderFNA|Any CPU.Build.0 = DebugMurderFNA|Any CPU
		{96C0DE66-186D-4E9D-B270-566FC76217C8}.Debug|Any CPU.ActiveCfg = Debug|Any CPU
		{96C0DE66-186D-4E9D-B270-566FC76217C8}.Release|Any CPU.ActiveCfg = Release|Any CPU
		{96C0DE66-186D-4E9D-B270-566FC76217C8}.Release|Any CPU.Build.0 = Release|Any CPU
		{96C0DE66-186D-4E9D-B270-566FC76217C8}.DebugMurderFNA|Any CPU.ActiveCfg = DebugMurderFNA|Any CPU
		{96C0DE66-186D-4E9D-B270-566FC76217C8}.Debug|Any CPU.Build.0 = Debug|Any CPU
		{96C0DE66-186D-4E9D-B270-566FC76217C8}.DebugMurderFNA|Any CPU.Build.0 = DebugMurderFNA|Any CPU
		{35F99E2C-BB99-4DA2-82B1-C76D43004295}.Debug|Any CPU.ActiveCfg = Debug|Any CPU
		{35F99E2C-BB99-4DA2-82B1-C76D43004295}.Release|Any CPU.ActiveCfg = Release|Any CPU
		{35F99E2C-BB99-4DA2-82B1-C76D43004295}.Release|Any CPU.Build.0 = Release|Any CPU
		{35F99E2C-BB99-4DA2-82B1-C76D43004295}.DebugMurderFNA|Any CPU.ActiveCfg = DebugMurderFNA|Any CPU
		{2C4C14F5-C5D7-4D1A-9099-D8A45B123CC5}.Debug|Any CPU.ActiveCfg = Debug|Any CPU
		{2C4C14F5-C5D7-4D1A-9099-D8A45B123CC5}.Release|Any CPU.ActiveCfg = Release|Any CPU
		{2C4C14F5-C5D7-4D1A-9099-D8A45B123CC5}.Release|Any CPU.Build.0 = Release|Any CPU
		{2C4C14F5-C5D7-4D1A-9099-D8A45B123CC5}.DebugMurderFNA|Any CPU.ActiveCfg = DebugMurderFNA|Any CPU
		{791A36DD-F83F-40BE-AC5C-28D4952F0537}.Debug|Any CPU.ActiveCfg = Debug|Any CPU
		{791A36DD-F83F-40BE-AC5C-28D4952F0537}.Release|Any CPU.ActiveCfg = Release|Any CPU
		{791A36DD-F83F-40BE-AC5C-28D4952F0537}.Release|Any CPU.Build.0 = Release|Any CPU
		{791A36DD-F83F-40BE-AC5C-28D4952F0537}.Debug|Any CPU.Build.0 = Debug|Any CPU
		{791A36DD-F83F-40BE-AC5C-28D4952F0537}.DebugMurderFNA|Any CPU.ActiveCfg = DebugMurderFNA|Any CPU
		{791A36DD-F83F-40BE-AC5C-28D4952F0537}.DebugMurderFNA|Any CPU.Build.0 = DebugMurderFNA|Any CPU
		{40333193-93C2-4058-9D15-866AE95BDF8C}.Debug|Any CPU.ActiveCfg = Debug|Any CPU
		{40333193-93C2-4058-9D15-866AE95BDF8C}.Release|Any CPU.ActiveCfg = Release|Any CPU
		{40333193-93C2-4058-9D15-866AE95BDF8C}.Release|Any CPU.Build.0 = Release|Any CPU
		{40333193-93C2-4058-9D15-866AE95BDF8C}.DebugMurderFNA|Any CPU.ActiveCfg = DebugMurderFNA|Any CPU
		{40333193-93C2-4058-9D15-866AE95BDF8C}.DebugMurderFNA|Any CPU.Build.0 = DebugMurderFNA|Any CPU
		{5DF8DD4C-37DF-4EB2-A88D-F3D87C6DEE60}.Debug|Any CPU.ActiveCfg = Debug|Any CPU
		{5DF8DD4C-37DF-4EB2-A88D-F3D87C6DEE60}.Debug|Any CPU.Build.0 = Debug|Any CPU
		{5DF8DD4C-37DF-4EB2-A88D-F3D87C6DEE60}.Release|Any CPU.ActiveCfg = Release|Any CPU
		{5DF8DD4C-37DF-4EB2-A88D-F3D87C6DEE60}.Release|Any CPU.Build.0 = Release|Any CPU
		{5DF8DD4C-37DF-4EB2-A88D-F3D87C6DEE60}.DebugMurderFNA|Any CPU.ActiveCfg = DebugMurderFNA|Any CPU
		{5DF8DD4C-37DF-4EB2-A88D-F3D87C6DEE60}.DebugMurderFNA|Any CPU.Build.0 = DebugMurderFNA|Any CPU
		{170811B4-AE1A-471F-BF71-0591D6F26729}.Debug|Any CPU.ActiveCfg = Debug|Any CPU
		{170811B4-AE1A-471F-BF71-0591D6F26729}.Debug|Any CPU.Build.0 = Debug|Any CPU
		{170811B4-AE1A-471F-BF71-0591D6F26729}.Release|Any CPU.ActiveCfg = Release|Any CPU
		{170811B4-AE1A-471F-BF71-0591D6F26729}.Release|Any CPU.Build.0 = Release|Any CPU
		{170811B4-AE1A-471F-BF71-0591D6F26729}.DebugMurderFNA|Any CPU.ActiveCfg = DebugMurderFNA|Any CPU
		{170811B4-AE1A-471F-BF71-0591D6F26729}.DebugMurderFNA|Any CPU.Build.0 = DebugMurderFNA|Any CPU
		{4B484126-D34F-4A05-8664-D4938EB8E172}.Debug|Any CPU.ActiveCfg = Debug|Any CPU
		{4B484126-D34F-4A05-8664-D4938EB8E172}.Debug|Any CPU.Build.0 = Debug|Any CPU
		{4B484126-D34F-4A05-8664-D4938EB8E172}.Release|Any CPU.ActiveCfg = Release|Any CPU
		{4B484126-D34F-4A05-8664-D4938EB8E172}.Release|Any CPU.Build.0 = Release|Any CPU
		{4B484126-D34F-4A05-8664-D4938EB8E172}.DebugMurderFNA|Any CPU.ActiveCfg = DebugMurderFNA|Any CPU
		{4B484126-D34F-4A05-8664-D4938EB8E172}.DebugMurderFNA|Any CPU.Build.0 = DebugMurderFNA|Any CPU
		{5A85FC05-AE28-469D-A5AF-6496F13BA659}.Debug|Any CPU.ActiveCfg = Debug|Any CPU
		{5A85FC05-AE28-469D-A5AF-6496F13BA659}.Debug|Any CPU.Build.0 = Debug|Any CPU
		{5A85FC05-AE28-469D-A5AF-6496F13BA659}.Release|Any CPU.ActiveCfg = Release|Any CPU
		{5A85FC05-AE28-469D-A5AF-6496F13BA659}.Release|Any CPU.Build.0 = Release|Any CPU
		{5A85FC05-AE28-469D-A5AF-6496F13BA659}.DebugMurderFNA|Any CPU.ActiveCfg = DebugMurderFNA|Any CPU
		{5A85FC05-AE28-469D-A5AF-6496F13BA659}.DebugMurderFNA|Any CPU.Build.0 = DebugMurderFNA|Any CPU
		{79F6B6A7-84BA-488B-8CCF-78B0F1B91A1F}.Debug|Any CPU.ActiveCfg = Debug|Any CPU
		{79F6B6A7-84BA-488B-8CCF-78B0F1B91A1F}.Debug|Any CPU.Build.0 = Debug|Any CPU
		{79F6B6A7-84BA-488B-8CCF-78B0F1B91A1F}.Release|Any CPU.ActiveCfg = Release|Any CPU
		{79F6B6A7-84BA-488B-8CCF-78B0F1B91A1F}.Release|Any CPU.Build.0 = Release|Any CPU
		{79F6B6A7-84BA-488B-8CCF-78B0F1B91A1F}.DebugMurderFNA|Any CPU.ActiveCfg = DebugMurderFNA|Any CPU
		{79F6B6A7-84BA-488B-8CCF-78B0F1B91A1F}.DebugMurderFNA|Any CPU.Build.0 = DebugMurderFNA|Any CPU
		{1DC8850A-74F5-4F4B-A2D2-119DEB1FE112}.Debug|Any CPU.ActiveCfg = Debug|Any CPU
		{1DC8850A-74F5-4F4B-A2D2-119DEB1FE112}.Debug|Any CPU.Build.0 = Debug|Any CPU
		{1DC8850A-74F5-4F4B-A2D2-119DEB1FE112}.Release|Any CPU.ActiveCfg = Release|Any CPU
		{1DC8850A-74F5-4F4B-A2D2-119DEB1FE112}.Release|Any CPU.Build.0 = Release|Any CPU
		{1DC8850A-74F5-4F4B-A2D2-119DEB1FE112}.DebugMurderFNA|Any CPU.ActiveCfg = DebugMurderFNA|Any CPU
		{1DC8850A-74F5-4F4B-A2D2-119DEB1FE112}.DebugMurderFNA|Any CPU.Build.0 = DebugMurderFNA|Any CPU
		{EFA1C2FC-5328-4345-8FD5-82CC19CF2D4F}.Debug|Any CPU.ActiveCfg = Debug|Any CPU
		{EFA1C2FC-5328-4345-8FD5-82CC19CF2D4F}.Debug|Any CPU.Build.0 = Debug|Any CPU
		{EFA1C2FC-5328-4345-8FD5-82CC19CF2D4F}.Release|Any CPU.ActiveCfg = Release|Any CPU
		{EFA1C2FC-5328-4345-8FD5-82CC19CF2D4F}.Release|Any CPU.Build.0 = Release|Any CPU
		{EFA1C2FC-5328-4345-8FD5-82CC19CF2D4F}.DebugMurderFNA|Any CPU.ActiveCfg = DebugMurderFNA|Any CPU
		{EFA1C2FC-5328-4345-8FD5-82CC19CF2D4F}.DebugMurderFNA|Any CPU.Build.0 = DebugMurderFNA|Any CPU
		{C64897FD-6C25-4521-8862-54610E9C3B9E}.Debug|Any CPU.ActiveCfg = Debug|Any CPU
		{C64897FD-6C25-4521-8862-54610E9C3B9E}.Debug|Any CPU.Build.0 = Debug|Any CPU
		{C64897FD-6C25-4521-8862-54610E9C3B9E}.Release|Any CPU.ActiveCfg = Release|Any CPU
		{C64897FD-6C25-4521-8862-54610E9C3B9E}.Release|Any CPU.Build.0 = Release|Any CPU
		{C64897FD-6C25-4521-8862-54610E9C3B9E}.DebugMurderFNA|Any CPU.ActiveCfg = DebugMurderFNA|Any CPU
	EndGlobalSection
	GlobalSection(SolutionProperties) = preSolution
		HideSolutionNode = FALSE
	EndGlobalSection
	GlobalSection(NestedProjects) = preSolution
		{04B2AA97-7677-4931-80B0-DDD988A64D97} = {04E8B32E-5407-4D18-82CC-27F35EE8A333}
		{E400498B-18D9-4ED0-959D-D2EFE3AD0E2A} = {04E8B32E-5407-4D18-82CC-27F35EE8A333}
		{342D1E91-9E00-406F-9CE0-B666E6803621} = {894375BC-CB18-4BBD-8300-C037A425A024}
		{32AB5524-539F-44CE-9660-1EE21DDE836C} = {894375BC-CB18-4BBD-8300-C037A425A024}
		{7F7B7F05-500A-4462-98AF-C306A8DADC62} = {04E8B32E-5407-4D18-82CC-27F35EE8A333}
		{CBF81E32-2EDD-498A-AE1F-D25D66FC80F6} = {04E8B32E-5407-4D18-82CC-27F35EE8A333}
		{60EFB16F-26FA-4459-8E64-F16F7A0CC063} = {CD2B43C0-24D2-494C-A7AF-A9DF35BE771D}
		{96C0DE66-186D-4E9D-B270-566FC76217C8} = {CD2B43C0-24D2-494C-A7AF-A9DF35BE771D}
		{35F99E2C-BB99-4DA2-82B1-C76D43004295} = {CD2B43C0-24D2-494C-A7AF-A9DF35BE771D}
		{2C4C14F5-C5D7-4D1A-9099-D8A45B123CC5} = {CD2B43C0-24D2-494C-A7AF-A9DF35BE771D}
		{791A36DD-F83F-40BE-AC5C-28D4952F0537} = {CD2B43C0-24D2-494C-A7AF-A9DF35BE771D}
		{40333193-93C2-4058-9D15-866AE95BDF8C} = {CD2B43C0-24D2-494C-A7AF-A9DF35BE771D}
		{5DF8DD4C-37DF-4EB2-A88D-F3D87C6DEE60} = {04E8B32E-5407-4D18-82CC-27F35EE8A333}
		{170811B4-AE1A-471F-BF71-0591D6F26729} = {04E8B32E-5407-4D18-82CC-27F35EE8A333}
		{4B484126-D34F-4A05-8664-D4938EB8E172} = {04E8B32E-5407-4D18-82CC-27F35EE8A333}
		{5A85FC05-AE28-469D-A5AF-6496F13BA659} = {04E8B32E-5407-4D18-82CC-27F35EE8A333}
		{79F6B6A7-84BA-488B-8CCF-78B0F1B91A1F} = {04E8B32E-5407-4D18-82CC-27F35EE8A333}
		{1DC8850A-74F5-4F4B-A2D2-119DEB1FE112} = {04E8B32E-5407-4D18-82CC-27F35EE8A333}
		{EFA1C2FC-5328-4345-8FD5-82CC19CF2D4F} = {04E8B32E-5407-4D18-82CC-27F35EE8A333}
		{C64897FD-6C25-4521-8862-54610E9C3B9E} = {CD2B43C0-24D2-494C-A7AF-A9DF35BE771D}
	EndGlobalSection
	GlobalSection(ExtensibilityGlobals) = postSolution
		SolutionGuid = {F9204EA1-9B92-42EF-B04D-09C84EE32CF9}
	EndGlobalSection
EndGlobal
