
Microsoft Visual Studio Solution File, Format Version 12.00
# Visual Studio Version 17
VisualStudioVersion = 17.0.31912.275
MinimumVisualStudioVersion = 10.0.40219.1
Project("{2150E333-8FDC-42A3-9474-1A3956D46DE8}") = "DigitalRune", "DigitalRune", "{04E8B32E-5407-4D18-82CC-27F35EE8A333}"
EndProject
Project("{9A19103F-16F7-4668-BE54-9A1E7A4F7556}") = "DigitalRune.ServiceLocation", "DigitalRune.ServiceLocation\DigitalRune.ServiceLocation.csproj", "{04B2AA97-7677-4931-80B0-DDD988A64D97}"
EndProject
Project("{9A19103F-16F7-4668-BE54-9A1E7A4F7556}") = "DigitalRune", "..\DigitalRune\DigitalRune.csproj", "{E400498B-18D9-4ED0-959D-D2EFE3AD0E2A}"
EndProject
Project("{9A19103F-16F7-4668-BE54-9A1E7A4F7556}") = "DBDExternal", "DBDExternal\DBDExternal.csproj", "{C6926949-32FE-4480-8B19-9F651BA749BF}"
EndProject
Project("{2150E333-8FDC-42A3-9474-1A3956D46DE8}") = "ECS", "ECS", "{894375BC-CB18-4BBD-8300-C037A425A024}"
EndProject
Project("{9A19103F-16F7-4668-BE54-9A1E7A4F7556}") = "Arch", "Arch\src\Arch\Arch.csproj", "{342D1E91-9E00-406F-9CE0-B666E6803621}"
EndProject
Project("{9A19103F-16F7-4668-BE54-9A1E7A4F7556}") = "Arch.SourceGen", "Arch\src\Arch.SourceGen\Arch.SourceGen.csproj", "{32AB5524-539F-44CE-9660-1EE21DDE836C}"
EndProject
Project("{FAE04EC0-301F-11D3-BF4B-00C04F79EFBC}") = "DigitalRune.ImGui.Editor(MonoGame,DesktopGL)", "..\DigitalRune.ImGui.Editor\DigitalRune.ImGui.Editor(MonoGame,DesktopGL).csproj", "{019C6FFE-F361-4ABE-8F7F-89108B23475B}"
EndProject
Project("{FAE04EC0-301F-11D3-BF4B-00C04F79EFBC}") = "DigitalRune.Graphics(MonoGame,DesktopGL)", "..\DigitalRune.Graphics\DigitalRune.Graphics(MonoGame,DesktopGL).csproj", "{992F5DA1-3CB1-4411-8B15-89F6E87678A3}"
EndProject
Project("{FAE04EC0-301F-11D3-BF4B-00C04F79EFBC}") = "DigitalRune.Animation(MonoGame,DesktopGL)", "..\DigitalRune.Animation\DigitalRune.Animation(MonoGame,DesktopGL).csproj", "{C971432F-EDA3-4F56-863D-2A4E58B0C27C}"
EndProject
Project("{FAE04EC0-301F-11D3-BF4B-00C04F79EFBC}") = "DigitalRune.Mathematics(MonoGame,DesktopGL)", "..\DigitalRune.Mathematics\DigitalRune.Mathematics(MonoGame,DesktopGL).csproj", "{BBCA6746-A879-4B27-9B18-22CFBE0C5EC8}"
EndProject
Project("{FAE04EC0-301F-11D3-BF4B-00C04F79EFBC}") = "DigitalRune.Persistence", "..\DigitalRune.Persistence\DigitalRune.Persistence.csproj", "{7F7B7F05-500A-4462-98AF-C306A8DADC62}"
EndProject
Project("{FAE04EC0-301F-11D3-BF4B-00C04F79EFBC}") = "DigitalRune.Geometry(MonoGame,DesktopGL)", "..\DigitalRune.Geometry\DigitalRune.Geometry(MonoGame,DesktopGL).csproj", "{584361D4-B100-41E5-AD0F-991F5B0DF446}"
EndProject
Project("{FAE04EC0-301F-11D3-BF4B-00C04F79EFBC}") = "DigitalRune.Assets(MonoGame,DesktopGL)", "..\DigitalRune.Assets\DigitalRune.Assets(MonoGame,DesktopGL).csproj", "{1BF573A7-0DD5-47CC-BE8F-FDD507A2E948}"
EndProject
Project("{FAE04EC0-301F-11D3-BF4B-00C04F79EFBC}") = "DigitalRune.Logging", "..\DigitalRune.Logging\DigitalRune.Logging.csproj", "{CBF81E32-2EDD-498A-AE1F-D25D66FC80F6}"
EndProject
Project("{FAE04EC0-301F-11D3-BF4B-00C04F79EFBC}") = "DigitalRune.Particles(MonoGame,DesktopGL)", "..\DigitalRune.Particles\DigitalRune.Particles(MonoGame,DesktopGL).csproj", "{6B9F476B-7DA2-4232-86AB-7A24C917E941}"
EndProject
Project("{FAE04EC0-301F-11D3-BF4B-00C04F79EFBC}") = "DigitalRune.Game(MonoGame,DesktopGL)", "..\DigitalRune.Game\DigitalRune.Game(MonoGame,DesktopGL).csproj", "{3878125B-2396-4210-B9E5-8D0A621889A5}"
EndProject
Project("{FAE04EC0-301F-11D3-BF4B-00C04F79EFBC}") = "DigitalRune.Game.Input(MonoGame,DesktopGL)", "..\DigitalRune.Game.Input\DigitalRune.Game.Input(MonoGame,DesktopGL).csproj", "{F75B3874-A903-4A6B-8DAF-4E7931ACB93D}"
EndProject
Project("{2150E333-8FDC-42A3-9474-1A3956D46DE8}") = "Murder", "Murder", "{D2649FC9-991B-44B4-A4E0-CBDE97C99DF4}"
EndProject
Project("{FAE04EC0-301F-11D3-BF4B-00C04F79EFBC}") = "Murder", "..\..\..\..\GitWorkspace\murder\src\Murder\Murder.csproj", "{7F8EDB89-291B-47F4-A31F-F3E4521C47C5}"
EndProject
Project("{FAE04EC0-301F-11D3-BF4B-00C04F79EFBC}") = "Bang", "..\..\..\..\GitWorkspace\murder\bang\src\Bang\Bang.csproj", "{07006650-3502-4223-BB1B-C771A82F7E19}"
EndProject
Project("{FAE04EC0-301F-11D3-BF4B-00C04F79EFBC}") = "Bang.Analyzers", "..\..\..\..\GitWorkspace\murder\bang\src\Bang.Analyzers\Bang.Analyzers.csproj", "{1ABB907B-366F-4FC5-97BC-F768076DCD3C}"
EndProject
Project("{FAE04EC0-301F-11D3-BF4B-00C04F79EFBC}") = "Bang.Generator", "..\..\..\..\GitWorkspace\murder\bang\src\Bang.Generator\Bang.Generator.csproj", "{17ECEDF4-8B2B-4186-89C4-40456F147F0D}"
EndProject
Project("{FAE04EC0-301F-11D3-BF4B-00C04F79EFBC}") = "Murder.Editor", "..\..\..\..\GitWorkspace\murder\src\Murder.Editor\Murder.Editor.csproj", "{8C6C147A-459F-4BD3-9CAD-D3F72931EEE4}"
EndProject
Project("{FAE04EC0-301F-11D3-BF4B-00C04F79EFBC}") = "DBDHunter", "src\DBDHunter\DBDHunter.csproj", "{DA20AC48-3285-4CE9-8252-F44862127D6D}"
EndProject
Project("{FAE04EC0-301F-11D3-BF4B-00C04F79EFBC}") = "DBDHunter.Editor", "src\DBDHunter.Editor\DBDHunter.Editor.csproj", "{7113DE9D-E5C5-4523-B459-B1E3148F9D8B}"
EndProject
Project("{FAE04EC0-301F-11D3-BF4B-00C04F79EFBC}") = "Murder.Serializer", "..\..\..\..\GitWorkspace\murder\src\Murder.Serializer\Murder.Serializer.csproj", "{EA89BC18-6812-47A0-AEFF-603BFF15CC52}"
EndProject
Project("{FAE04EC0-301F-11D3-BF4B-00C04F79EFBC}") = "Gum", "..\..\..\..\GitWorkspace\murder\gum\src\Gum\Gum.csproj", "{92A18346-DF38-4A09-BF6F-887D53A32163}"
EndProject
Project("{FAE04EC0-301F-11D3-BF4B-00C04F79EFBC}") = "Murder.Analyzers", "..\..\..\..\GitWorkspace\murder\src\Murder.Analyzers\Murder.Analyzers.csproj", "{BEFAB6E1-7A51-40AA-9CE7-59874F3537E6}"
EndProject
Project("{FAE04EC0-301F-11D3-BF4B-00C04F79EFBC}") = "DigitalRune.Mathematics", "..\DigitalRune.Mathematics\DigitalRune.Mathematics.csproj", "{49EFAD28-9238-4315-83CB-89EF108F9B70}"
EndProject
Project("{FAE04EC0-301F-11D3-BF4B-00C04F79EFBC}") = "DigitalRune.Geometry", "..\DigitalRune.Geometry\DigitalRune.Geometry.csproj", "{32FEAF47-BBBE-4F5E-BF83-5DEA5E0B07D7}"
EndProject
Global
	GlobalSection(SolutionConfigurationPlatforms) = preSolution
		Debug|Any CPU = Debug|Any CPU
		Debug|x64 = Debug|x64
		DebugDBD|Any CPU = DebugDBD|Any CPU
		DebugDBD|x64 = DebugDBD|x64
		Release|Any CPU = Release|Any CPU
		Release|x64 = Release|x64
	EndGlobalSection
	GlobalSection(ProjectConfigurationPlatforms) = postSolution
		{04B2AA97-7677-4931-80B0-DDD988A64D97}.Debug|Any CPU.ActiveCfg = Debug|Any CPU
		{04B2AA97-7677-4931-80B0-DDD988A64D97}.Debug|x64.ActiveCfg = Debug|Any CPU
		{04B2AA97-7677-4931-80B0-DDD988A64D97}.Debug|x64.Build.0 = Debug|Any CPU
		{04B2AA97-7677-4931-80B0-DDD988A64D97}.DebugDBD|Any CPU.ActiveCfg = DebugDBD|Any CPU
		{04B2AA97-7677-4931-80B0-DDD988A64D97}.DebugDBD|Any CPU.Build.0 = DebugDBD|Any CPU
		{04B2AA97-7677-4931-80B0-DDD988A64D97}.DebugDBD|x64.ActiveCfg = DebugDBD|Any CPU
		{04B2AA97-7677-4931-80B0-DDD988A64D97}.DebugDBD|x64.Build.0 = DebugDBD|Any CPU
		{04B2AA97-7677-4931-80B0-DDD988A64D97}.Release|Any CPU.ActiveCfg = Release|Any CPU
		{04B2AA97-7677-4931-80B0-DDD988A64D97}.Release|Any CPU.Build.0 = Release|Any CPU
		{04B2AA97-7677-4931-80B0-DDD988A64D97}.Release|x64.ActiveCfg = Release|Any CPU
		{04B2AA97-7677-4931-80B0-DDD988A64D97}.Release|x64.Build.0 = Release|Any CPU
		{E400498B-18D9-4ED0-959D-D2EFE3AD0E2A}.Debug|Any CPU.ActiveCfg = Debug|Any CPU
		{E400498B-18D9-4ED0-959D-D2EFE3AD0E2A}.Debug|Any CPU.Build.0 = Debug|Any CPU
		{E400498B-18D9-4ED0-959D-D2EFE3AD0E2A}.Debug|x64.ActiveCfg = Debug|Any CPU
		{E400498B-18D9-4ED0-959D-D2EFE3AD0E2A}.Debug|x64.Build.0 = Debug|Any CPU
		{E400498B-18D9-4ED0-959D-D2EFE3AD0E2A}.DebugDBD|Any CPU.ActiveCfg = DebugDBD|Any CPU
		{E400498B-18D9-4ED0-959D-D2EFE3AD0E2A}.DebugDBD|Any CPU.Build.0 = DebugDBD|Any CPU
		{E400498B-18D9-4ED0-959D-D2EFE3AD0E2A}.DebugDBD|x64.ActiveCfg = DebugDBD|Any CPU
		{E400498B-18D9-4ED0-959D-D2EFE3AD0E2A}.DebugDBD|x64.Build.0 = DebugDBD|Any CPU
		{E400498B-18D9-4ED0-959D-D2EFE3AD0E2A}.Release|Any CPU.ActiveCfg = Release|Any CPU
		{E400498B-18D9-4ED0-959D-D2EFE3AD0E2A}.Release|Any CPU.Build.0 = Release|Any CPU
		{E400498B-18D9-4ED0-959D-D2EFE3AD0E2A}.Release|x64.ActiveCfg = Release|Any CPU
		{E400498B-18D9-4ED0-959D-D2EFE3AD0E2A}.Release|x64.Build.0 = Release|Any CPU
		{C6926949-32FE-4480-8B19-9F651BA749BF}.Debug|Any CPU.ActiveCfg = Debug|Any CPU
		{C6926949-32FE-4480-8B19-9F651BA749BF}.Debug|x64.ActiveCfg = Debug|Any CPU
		{C6926949-32FE-4480-8B19-9F651BA749BF}.Debug|x64.Build.0 = Debug|Any CPU
		{C6926949-32FE-4480-8B19-9F651BA749BF}.DebugDBD|Any CPU.ActiveCfg = DebugDBD|Any CPU
		{C6926949-32FE-4480-8B19-9F651BA749BF}.DebugDBD|Any CPU.Build.0 = DebugDBD|Any CPU
		{C6926949-32FE-4480-8B19-9F651BA749BF}.DebugDBD|x64.ActiveCfg = DebugDBD|Any CPU
		{C6926949-32FE-4480-8B19-9F651BA749BF}.DebugDBD|x64.Build.0 = DebugDBD|Any CPU
		{C6926949-32FE-4480-8B19-9F651BA749BF}.Release|Any CPU.ActiveCfg = Release|Any CPU
		{C6926949-32FE-4480-8B19-9F651BA749BF}.Release|Any CPU.Build.0 = Release|Any CPU
		{C6926949-32FE-4480-8B19-9F651BA749BF}.Release|x64.ActiveCfg = Release|Any CPU
		{C6926949-32FE-4480-8B19-9F651BA749BF}.Release|x64.Build.0 = Release|Any CPU
		{342D1E91-9E00-406F-9CE0-B666E6803621}.Debug|Any CPU.ActiveCfg = Debug|Any CPU
		{342D1E91-9E00-406F-9CE0-B666E6803621}.Debug|x64.ActiveCfg = Debug|Any CPU
		{342D1E91-9E00-406F-9CE0-B666E6803621}.Debug|x64.Build.0 = Debug|Any CPU
		{342D1E91-9E00-406F-9CE0-B666E6803621}.DebugDBD|Any CPU.ActiveCfg = DebugDBD|Any CPU
		{342D1E91-9E00-406F-9CE0-B666E6803621}.DebugDBD|Any CPU.Build.0 = DebugDBD|Any CPU
		{342D1E91-9E00-406F-9CE0-B666E6803621}.DebugDBD|x64.ActiveCfg = DebugDBD|Any CPU
		{342D1E91-9E00-406F-9CE0-B666E6803621}.DebugDBD|x64.Build.0 = DebugDBD|Any CPU
		{342D1E91-9E00-406F-9CE0-B666E6803621}.Release|Any CPU.ActiveCfg = Release|Any CPU
		{342D1E91-9E00-406F-9CE0-B666E6803621}.Release|Any CPU.Build.0 = Release|Any CPU
		{342D1E91-9E00-406F-9CE0-B666E6803621}.Release|x64.ActiveCfg = Release|Any CPU
		{342D1E91-9E00-406F-9CE0-B666E6803621}.Release|x64.Build.0 = Release|Any CPU
		{32AB5524-539F-44CE-9660-1EE21DDE836C}.Debug|Any CPU.ActiveCfg = Debug|Any CPU
		{32AB5524-539F-44CE-9660-1EE21DDE836C}.Debug|x64.ActiveCfg = Debug|Any CPU
		{32AB5524-539F-44CE-9660-1EE21DDE836C}.Debug|x64.Build.0 = Debug|Any CPU
		{32AB5524-539F-44CE-9660-1EE21DDE836C}.DebugDBD|Any CPU.ActiveCfg = DebugDBD|Any CPU
		{32AB5524-539F-44CE-9660-1EE21DDE836C}.DebugDBD|Any CPU.Build.0 = DebugDBD|Any CPU
		{32AB5524-539F-44CE-9660-1EE21DDE836C}.DebugDBD|x64.ActiveCfg = DebugDBD|Any CPU
		{32AB5524-539F-44CE-9660-1EE21DDE836C}.DebugDBD|x64.Build.0 = DebugDBD|Any CPU
		{32AB5524-539F-44CE-9660-1EE21DDE836C}.Release|Any CPU.ActiveCfg = Release|Any CPU
		{32AB5524-539F-44CE-9660-1EE21DDE836C}.Release|Any CPU.Build.0 = Release|Any CPU
		{32AB5524-539F-44CE-9660-1EE21DDE836C}.Release|x64.ActiveCfg = Release|Any CPU
		{32AB5524-539F-44CE-9660-1EE21DDE836C}.Release|x64.Build.0 = Release|Any CPU
		{019C6FFE-F361-4ABE-8F7F-89108B23475B}.Debug|Any CPU.ActiveCfg = Debug|Any CPU
		{019C6FFE-F361-4ABE-8F7F-89108B23475B}.Debug|x64.ActiveCfg = Debug|Any CPU
		{019C6FFE-F361-4ABE-8F7F-89108B23475B}.Debug|x64.Build.0 = Debug|Any CPU
		{019C6FFE-F361-4ABE-8F7F-89108B23475B}.DebugDBD|Any CPU.ActiveCfg = Debug|Any CPU
		{019C6FFE-F361-4ABE-8F7F-89108B23475B}.DebugDBD|Any CPU.Build.0 = Debug|Any CPU
		{019C6FFE-F361-4ABE-8F7F-89108B23475B}.DebugDBD|x64.ActiveCfg = Debug|Any CPU
		{019C6FFE-F361-4ABE-8F7F-89108B23475B}.DebugDBD|x64.Build.0 = Debug|Any CPU
		{019C6FFE-F361-4ABE-8F7F-89108B23475B}.Release|Any CPU.ActiveCfg = Release|Any CPU
		{019C6FFE-F361-4ABE-8F7F-89108B23475B}.Release|Any CPU.Build.0 = Release|Any CPU
		{019C6FFE-F361-4ABE-8F7F-89108B23475B}.Release|x64.ActiveCfg = Release|Any CPU
		{019C6FFE-F361-4ABE-8F7F-89108B23475B}.Release|x64.Build.0 = Release|Any CPU
		{992F5DA1-3CB1-4411-8B15-89F6E87678A3}.Debug|Any CPU.ActiveCfg = Debug|Any CPU
		{992F5DA1-3CB1-4411-8B15-89F6E87678A3}.Debug|x64.ActiveCfg = Debug|Any CPU
		{992F5DA1-3CB1-4411-8B15-89F6E87678A3}.Debug|x64.Build.0 = Debug|Any CPU
		{992F5DA1-3CB1-4411-8B15-89F6E87678A3}.DebugDBD|Any CPU.ActiveCfg = DebugDBD|Any CPU
		{992F5DA1-3CB1-4411-8B15-89F6E87678A3}.DebugDBD|Any CPU.Build.0 = DebugDBD|Any CPU
		{992F5DA1-3CB1-4411-8B15-89F6E87678A3}.DebugDBD|x64.ActiveCfg = DebugDBD|Any CPU
		{992F5DA1-3CB1-4411-8B15-89F6E87678A3}.DebugDBD|x64.Build.0 = DebugDBD|Any CPU
		{992F5DA1-3CB1-4411-8B15-89F6E87678A3}.Release|Any CPU.ActiveCfg = Release|Any CPU
		{992F5DA1-3CB1-4411-8B15-89F6E87678A3}.Release|Any CPU.Build.0 = Release|Any CPU
		{992F5DA1-3CB1-4411-8B15-89F6E87678A3}.Release|x64.ActiveCfg = Release|Any CPU
		{992F5DA1-3CB1-4411-8B15-89F6E87678A3}.Release|x64.Build.0 = Release|Any CPU
		{C971432F-EDA3-4F56-863D-2A4E58B0C27C}.Debug|Any CPU.ActiveCfg = Debug|Any CPU
		{C971432F-EDA3-4F56-863D-2A4E58B0C27C}.Debug|x64.ActiveCfg = Debug|Any CPU
		{C971432F-EDA3-4F56-863D-2A4E58B0C27C}.Debug|x64.Build.0 = Debug|Any CPU
		{C971432F-EDA3-4F56-863D-2A4E58B0C27C}.DebugDBD|Any CPU.ActiveCfg = DebugDBD|Any CPU
		{C971432F-EDA3-4F56-863D-2A4E58B0C27C}.DebugDBD|Any CPU.Build.0 = DebugDBD|Any CPU
		{C971432F-EDA3-4F56-863D-2A4E58B0C27C}.DebugDBD|x64.ActiveCfg = DebugDBD|Any CPU
		{C971432F-EDA3-4F56-863D-2A4E58B0C27C}.DebugDBD|x64.Build.0 = DebugDBD|Any CPU
		{C971432F-EDA3-4F56-863D-2A4E58B0C27C}.Release|Any CPU.ActiveCfg = Release|Any CPU
		{C971432F-EDA3-4F56-863D-2A4E58B0C27C}.Release|Any CPU.Build.0 = Release|Any CPU
		{C971432F-EDA3-4F56-863D-2A4E58B0C27C}.Release|x64.ActiveCfg = Release|Any CPU
		{C971432F-EDA3-4F56-863D-2A4E58B0C27C}.Release|x64.Build.0 = Release|Any CPU
		{BBCA6746-A879-4B27-9B18-22CFBE0C5EC8}.Debug|Any CPU.ActiveCfg = Debug|Any CPU
		{BBCA6746-A879-4B27-9B18-22CFBE0C5EC8}.Debug|x64.ActiveCfg = Debug|Any CPU
		{BBCA6746-A879-4B27-9B18-22CFBE0C5EC8}.Debug|x64.Build.0 = Debug|Any CPU
		{BBCA6746-A879-4B27-9B18-22CFBE0C5EC8}.DebugDBD|Any CPU.ActiveCfg = DebugDBD|Any CPU
		{BBCA6746-A879-4B27-9B18-22CFBE0C5EC8}.DebugDBD|Any CPU.Build.0 = DebugDBD|Any CPU
		{BBCA6746-A879-4B27-9B18-22CFBE0C5EC8}.DebugDBD|x64.ActiveCfg = DebugDBD|Any CPU
		{BBCA6746-A879-4B27-9B18-22CFBE0C5EC8}.DebugDBD|x64.Build.0 = DebugDBD|Any CPU
		{BBCA6746-A879-4B27-9B18-22CFBE0C5EC8}.Release|Any CPU.ActiveCfg = Release|Any CPU
		{BBCA6746-A879-4B27-9B18-22CFBE0C5EC8}.Release|Any CPU.Build.0 = Release|Any CPU
		{BBCA6746-A879-4B27-9B18-22CFBE0C5EC8}.Release|x64.ActiveCfg = Release|Any CPU
		{BBCA6746-A879-4B27-9B18-22CFBE0C5EC8}.Release|x64.Build.0 = Release|Any CPU
		{7F7B7F05-500A-4462-98AF-C306A8DADC62}.Debug|Any CPU.ActiveCfg = Debug|Any CPU
		{7F7B7F05-500A-4462-98AF-C306A8DADC62}.Debug|x64.ActiveCfg = Debug|Any CPU
		{7F7B7F05-500A-4462-98AF-C306A8DADC62}.Debug|x64.Build.0 = Debug|Any CPU
		{7F7B7F05-500A-4462-98AF-C306A8DADC62}.DebugDBD|Any CPU.ActiveCfg = DebugDBD|Any CPU
		{7F7B7F05-500A-4462-98AF-C306A8DADC62}.DebugDBD|Any CPU.Build.0 = DebugDBD|Any CPU
		{7F7B7F05-500A-4462-98AF-C306A8DADC62}.DebugDBD|x64.ActiveCfg = DebugDBD|Any CPU
		{7F7B7F05-500A-4462-98AF-C306A8DADC62}.DebugDBD|x64.Build.0 = DebugDBD|Any CPU
		{7F7B7F05-500A-4462-98AF-C306A8DADC62}.Release|Any CPU.ActiveCfg = Release|Any CPU
		{7F7B7F05-500A-4462-98AF-C306A8DADC62}.Release|Any CPU.Build.0 = Release|Any CPU
		{7F7B7F05-500A-4462-98AF-C306A8DADC62}.Release|x64.ActiveCfg = Release|Any CPU
		{7F7B7F05-500A-4462-98AF-C306A8DADC62}.Release|x64.Build.0 = Release|Any CPU
		{584361D4-B100-41E5-AD0F-991F5B0DF446}.Debug|Any CPU.ActiveCfg = Debug|Any CPU
		{584361D4-B100-41E5-AD0F-991F5B0DF446}.Debug|x64.ActiveCfg = Debug|Any CPU
		{584361D4-B100-41E5-AD0F-991F5B0DF446}.Debug|x64.Build.0 = Debug|Any CPU
		{584361D4-B100-41E5-AD0F-991F5B0DF446}.DebugDBD|Any CPU.ActiveCfg = DebugDBD|Any CPU
		{584361D4-B100-41E5-AD0F-991F5B0DF446}.DebugDBD|Any CPU.Build.0 = DebugDBD|Any CPU
		{584361D4-B100-41E5-AD0F-991F5B0DF446}.DebugDBD|x64.ActiveCfg = DebugDBD|Any CPU
		{584361D4-B100-41E5-AD0F-991F5B0DF446}.DebugDBD|x64.Build.0 = DebugDBD|Any CPU
		{584361D4-B100-41E5-AD0F-991F5B0DF446}.Release|Any CPU.ActiveCfg = Release|Any CPU
		{584361D4-B100-41E5-AD0F-991F5B0DF446}.Release|Any CPU.Build.0 = Release|Any CPU
		{584361D4-B100-41E5-AD0F-991F5B0DF446}.Release|x64.ActiveCfg = Release|Any CPU
		{584361D4-B100-41E5-AD0F-991F5B0DF446}.Release|x64.Build.0 = Release|Any CPU
		{1BF573A7-0DD5-47CC-BE8F-FDD507A2E948}.Debug|Any CPU.ActiveCfg = Debug|Any CPU
		{1BF573A7-0DD5-47CC-BE8F-FDD507A2E948}.Debug|Any CPU.Build.0 = Debug|Any CPU
		{1BF573A7-0DD5-47CC-BE8F-FDD507A2E948}.Debug|x64.ActiveCfg = Debug|Any CPU
		{1BF573A7-0DD5-47CC-BE8F-FDD507A2E948}.Debug|x64.Build.0 = Debug|Any CPU
		{1BF573A7-0DD5-47CC-BE8F-FDD507A2E948}.DebugDBD|Any CPU.ActiveCfg = DebugDBD|Any CPU
		{1BF573A7-0DD5-47CC-BE8F-FDD507A2E948}.DebugDBD|Any CPU.Build.0 = DebugDBD|Any CPU
		{1BF573A7-0DD5-47CC-BE8F-FDD507A2E948}.DebugDBD|x64.ActiveCfg = DebugDBD|Any CPU
		{1BF573A7-0DD5-47CC-BE8F-FDD507A2E948}.DebugDBD|x64.Build.0 = DebugDBD|Any CPU
		{1BF573A7-0DD5-47CC-BE8F-FDD507A2E948}.Release|Any CPU.ActiveCfg = Release|Any CPU
		{1BF573A7-0DD5-47CC-BE8F-FDD507A2E948}.Release|Any CPU.Build.0 = Release|Any CPU
		{1BF573A7-0DD5-47CC-BE8F-FDD507A2E948}.Release|x64.ActiveCfg = Release|Any CPU
		{1BF573A7-0DD5-47CC-BE8F-FDD507A2E948}.Release|x64.Build.0 = Release|Any CPU
		{CBF81E32-2EDD-498A-AE1F-D25D66FC80F6}.Debug|Any CPU.ActiveCfg = Debug|Any CPU
		{CBF81E32-2EDD-498A-AE1F-D25D66FC80F6}.Debug|x64.ActiveCfg = Debug|Any CPU
		{CBF81E32-2EDD-498A-AE1F-D25D66FC80F6}.Debug|x64.Build.0 = Debug|Any CPU
		{CBF81E32-2EDD-498A-AE1F-D25D66FC80F6}.DebugDBD|Any CPU.ActiveCfg = DebugDBD|Any CPU
		{CBF81E32-2EDD-498A-AE1F-D25D66FC80F6}.DebugDBD|Any CPU.Build.0 = DebugDBD|Any CPU
		{CBF81E32-2EDD-498A-AE1F-D25D66FC80F6}.DebugDBD|x64.ActiveCfg = DebugDBD|Any CPU
		{CBF81E32-2EDD-498A-AE1F-D25D66FC80F6}.DebugDBD|x64.Build.0 = DebugDBD|Any CPU
		{CBF81E32-2EDD-498A-AE1F-D25D66FC80F6}.Release|Any CPU.ActiveCfg = Release|Any CPU
		{CBF81E32-2EDD-498A-AE1F-D25D66FC80F6}.Release|Any CPU.Build.0 = Release|Any CPU
		{CBF81E32-2EDD-498A-AE1F-D25D66FC80F6}.Release|x64.ActiveCfg = Release|Any CPU
		{CBF81E32-2EDD-498A-AE1F-D25D66FC80F6}.Release|x64.Build.0 = Release|Any CPU
		{CBF81E32-2EDD-498A-AE1F-D25D66FC80F6}.Debug|Any CPU.Build.0 = Debug|Any CPU
		{6B9F476B-7DA2-4232-86AB-7A24C917E941}.Debug|Any CPU.ActiveCfg = Debug|Any CPU
		{6B9F476B-7DA2-4232-86AB-7A24C917E941}.Debug|x64.ActiveCfg = Debug|Any CPU
		{6B9F476B-7DA2-4232-86AB-7A24C917E941}.Debug|x64.Build.0 = Debug|Any CPU
		{6B9F476B-7DA2-4232-86AB-7A24C917E941}.DebugDBD|Any CPU.ActiveCfg = DebugDBD|Any CPU
		{6B9F476B-7DA2-4232-86AB-7A24C917E941}.DebugDBD|Any CPU.Build.0 = DebugDBD|Any CPU
		{6B9F476B-7DA2-4232-86AB-7A24C917E941}.DebugDBD|x64.ActiveCfg = DebugDBD|Any CPU
		{6B9F476B-7DA2-4232-86AB-7A24C917E941}.DebugDBD|x64.Build.0 = DebugDBD|Any CPU
		{6B9F476B-7DA2-4232-86AB-7A24C917E941}.Release|Any CPU.ActiveCfg = Release|Any CPU
		{6B9F476B-7DA2-4232-86AB-7A24C917E941}.Release|Any CPU.Build.0 = Release|Any CPU
		{6B9F476B-7DA2-4232-86AB-7A24C917E941}.Release|x64.ActiveCfg = Release|Any CPU
		{6B9F476B-7DA2-4232-86AB-7A24C917E941}.Release|x64.Build.0 = Release|Any CPU
		{3878125B-2396-4210-B9E5-8D0A621889A5}.Debug|Any CPU.ActiveCfg = Debug|Any CPU
		{3878125B-2396-4210-B9E5-8D0A621889A5}.Debug|x64.ActiveCfg = Debug|Any CPU
		{3878125B-2396-4210-B9E5-8D0A621889A5}.Debug|x64.Build.0 = Debug|Any CPU
		{3878125B-2396-4210-B9E5-8D0A621889A5}.DebugDBD|Any CPU.ActiveCfg = DebugDBD|Any CPU
		{3878125B-2396-4210-B9E5-8D0A621889A5}.DebugDBD|Any CPU.Build.0 = DebugDBD|Any CPU
		{3878125B-2396-4210-B9E5-8D0A621889A5}.DebugDBD|x64.ActiveCfg = DebugDBD|Any CPU
		{3878125B-2396-4210-B9E5-8D0A621889A5}.DebugDBD|x64.Build.0 = DebugDBD|Any CPU
		{3878125B-2396-4210-B9E5-8D0A621889A5}.Release|Any CPU.ActiveCfg = Release|Any CPU
		{3878125B-2396-4210-B9E5-8D0A621889A5}.Release|Any CPU.Build.0 = Release|Any CPU
		{3878125B-2396-4210-B9E5-8D0A621889A5}.Release|x64.ActiveCfg = Release|Any CPU
		{3878125B-2396-4210-B9E5-8D0A621889A5}.Release|x64.Build.0 = Release|Any CPU
		{F75B3874-A903-4A6B-8DAF-4E7931ACB93D}.Debug|Any CPU.ActiveCfg = Debug|Any CPU
		{F75B3874-A903-4A6B-8DAF-4E7931ACB93D}.Debug|x64.ActiveCfg = Debug|Any CPU
		{F75B3874-A903-4A6B-8DAF-4E7931ACB93D}.Debug|x64.Build.0 = Debug|Any CPU
		{F75B3874-A903-4A6B-8DAF-4E7931ACB93D}.DebugDBD|Any CPU.ActiveCfg = DebugDBD|Any CPU
		{F75B3874-A903-4A6B-8DAF-4E7931ACB93D}.DebugDBD|Any CPU.Build.0 = DebugDBD|Any CPU
		{F75B3874-A903-4A6B-8DAF-4E7931ACB93D}.DebugDBD|x64.ActiveCfg = DebugDBD|Any CPU
		{F75B3874-A903-4A6B-8DAF-4E7931ACB93D}.DebugDBD|x64.Build.0 = DebugDBD|Any CPU
		{F75B3874-A903-4A6B-8DAF-4E7931ACB93D}.Release|Any CPU.ActiveCfg = Release|Any CPU
		{F75B3874-A903-4A6B-8DAF-4E7931ACB93D}.Release|Any CPU.Build.0 = Release|Any CPU
		{F75B3874-A903-4A6B-8DAF-4E7931ACB93D}.Release|x64.ActiveCfg = Release|Any CPU
		{F75B3874-A903-4A6B-8DAF-4E7931ACB93D}.Release|x64.Build.0 = Release|Any CPU
		{7F8EDB89-291B-47F4-A31F-F3E4521C47C5}.Debug|Any CPU.ActiveCfg = Debug|Any CPU
		{7F8EDB89-291B-47F4-A31F-F3E4521C47C5}.Debug|Any CPU.Build.0 = Debug|Any CPU
		{7F8EDB89-291B-47F4-A31F-F3E4521C47C5}.Debug|x64.ActiveCfg = Debug|Any CPU
		{7F8EDB89-291B-47F4-A31F-F3E4521C47C5}.Debug|x64.Build.0 = Debug|Any CPU
		{7F8EDB89-291B-47F4-A31F-F3E4521C47C5}.DebugDBD|Any CPU.ActiveCfg = Debug|Any CPU
		{7F8EDB89-291B-47F4-A31F-F3E4521C47C5}.DebugDBD|Any CPU.Build.0 = Debug|Any CPU
		{7F8EDB89-291B-47F4-A31F-F3E4521C47C5}.DebugDBD|x64.ActiveCfg = Debug|Any CPU
		{7F8EDB89-291B-47F4-A31F-F3E4521C47C5}.DebugDBD|x64.Build.0 = Debug|Any CPU
		{7F8EDB89-291B-47F4-A31F-F3E4521C47C5}.Release|Any CPU.ActiveCfg = Release|Any CPU
		{7F8EDB89-291B-47F4-A31F-F3E4521C47C5}.Release|Any CPU.Build.0 = Release|Any CPU
		{7F8EDB89-291B-47F4-A31F-F3E4521C47C5}.Release|x64.ActiveCfg = Release|Any CPU
		{7F8EDB89-291B-47F4-A31F-F3E4521C47C5}.Release|x64.Build.0 = Release|Any CPU
		{07006650-3502-4223-BB1B-C771A82F7E19}.Debug|Any CPU.ActiveCfg = Debug|Any CPU
		{07006650-3502-4223-BB1B-C771A82F7E19}.Debug|x64.ActiveCfg = Debug|Any CPU
		{07006650-3502-4223-BB1B-C771A82F7E19}.Debug|x64.Build.0 = Debug|Any CPU
		{07006650-3502-4223-BB1B-C771A82F7E19}.DebugDBD|Any CPU.ActiveCfg = Debug|Any CPU
		{07006650-3502-4223-BB1B-C771A82F7E19}.DebugDBD|Any CPU.Build.0 = Debug|Any CPU
		{07006650-3502-4223-BB1B-C771A82F7E19}.DebugDBD|x64.ActiveCfg = Debug|Any CPU
		{07006650-3502-4223-BB1B-C771A82F7E19}.DebugDBD|x64.Build.0 = Debug|Any CPU
		{07006650-3502-4223-BB1B-C771A82F7E19}.Release|Any CPU.ActiveCfg = Release|Any CPU
		{07006650-3502-4223-BB1B-C771A82F7E19}.Release|Any CPU.Build.0 = Release|Any CPU
		{07006650-3502-4223-BB1B-C771A82F7E19}.Release|x64.ActiveCfg = Release|Any CPU
		{07006650-3502-4223-BB1B-C771A82F7E19}.Release|x64.Build.0 = Release|Any CPU
		{1ABB907B-366F-4FC5-97BC-F768076DCD3C}.Debug|Any CPU.ActiveCfg = Debug|Any CPU
		{1ABB907B-366F-4FC5-97BC-F768076DCD3C}.Debug|x64.ActiveCfg = Debug|Any CPU
		{1ABB907B-366F-4FC5-97BC-F768076DCD3C}.Debug|x64.Build.0 = Debug|Any CPU
		{1ABB907B-366F-4FC5-97BC-F768076DCD3C}.DebugDBD|Any CPU.ActiveCfg = Debug|Any CPU
		{1ABB907B-366F-4FC5-97BC-F768076DCD3C}.DebugDBD|Any CPU.Build.0 = Debug|Any CPU
		{1ABB907B-366F-4FC5-97BC-F768076DCD3C}.DebugDBD|x64.ActiveCfg = Debug|Any CPU
		{1ABB907B-366F-4FC5-97BC-F768076DCD3C}.DebugDBD|x64.Build.0 = Debug|Any CPU
		{1ABB907B-366F-4FC5-97BC-F768076DCD3C}.Release|Any CPU.ActiveCfg = Release|Any CPU
		{1ABB907B-366F-4FC5-97BC-F768076DCD3C}.Release|Any CPU.Build.0 = Release|Any CPU
		{1ABB907B-366F-4FC5-97BC-F768076DCD3C}.Release|x64.ActiveCfg = Release|Any CPU
		{1ABB907B-366F-4FC5-97BC-F768076DCD3C}.Release|x64.Build.0 = Release|Any CPU
		{17ECEDF4-8B2B-4186-89C4-40456F147F0D}.Debug|Any CPU.ActiveCfg = Debug|Any CPU
		{17ECEDF4-8B2B-4186-89C4-40456F147F0D}.Debug|x64.ActiveCfg = Debug|Any CPU
		{17ECEDF4-8B2B-4186-89C4-40456F147F0D}.Debug|x64.Build.0 = Debug|Any CPU
		{17ECEDF4-8B2B-4186-89C4-40456F147F0D}.DebugDBD|Any CPU.ActiveCfg = Debug|Any CPU
		{17ECEDF4-8B2B-4186-89C4-40456F147F0D}.DebugDBD|Any CPU.Build.0 = Debug|Any CPU
		{17ECEDF4-8B2B-4186-89C4-40456F147F0D}.DebugDBD|x64.ActiveCfg = Debug|Any CPU
		{17ECEDF4-8B2B-4186-89C4-40456F147F0D}.DebugDBD|x64.Build.0 = Debug|Any CPU
		{17ECEDF4-8B2B-4186-89C4-40456F147F0D}.Release|Any CPU.ActiveCfg = Release|Any CPU
		{17ECEDF4-8B2B-4186-89C4-40456F147F0D}.Release|Any CPU.Build.0 = Release|Any CPU
		{17ECEDF4-8B2B-4186-89C4-40456F147F0D}.Release|x64.ActiveCfg = Release|Any CPU
		{17ECEDF4-8B2B-4186-89C4-40456F147F0D}.Release|x64.Build.0 = Release|Any CPU
		{8C6C147A-459F-4BD3-9CAD-D3F72931EEE4}.Debug|Any CPU.ActiveCfg = Debug|Any CPU
		{8C6C147A-459F-4BD3-9CAD-D3F72931EEE4}.Debug|Any CPU.Build.0 = Debug|Any CPU
		{8C6C147A-459F-4BD3-9CAD-D3F72931EEE4}.Debug|x64.ActiveCfg = Debug|Any CPU
		{8C6C147A-459F-4BD3-9CAD-D3F72931EEE4}.Debug|x64.Build.0 = Debug|Any CPU
		{8C6C147A-459F-4BD3-9CAD-D3F72931EEE4}.DebugDBD|Any CPU.ActiveCfg = Debug|Any CPU
		{8C6C147A-459F-4BD3-9CAD-D3F72931EEE4}.DebugDBD|Any CPU.Build.0 = Debug|Any CPU
		{8C6C147A-459F-4BD3-9CAD-D3F72931EEE4}.DebugDBD|x64.ActiveCfg = Debug|Any CPU
		{8C6C147A-459F-4BD3-9CAD-D3F72931EEE4}.DebugDBD|x64.Build.0 = Debug|Any CPU
		{8C6C147A-459F-4BD3-9CAD-D3F72931EEE4}.Release|Any CPU.ActiveCfg = Release|Any CPU
		{8C6C147A-459F-4BD3-9CAD-D3F72931EEE4}.Release|Any CPU.Build.0 = Release|Any CPU
		{8C6C147A-459F-4BD3-9CAD-D3F72931EEE4}.Release|x64.ActiveCfg = Release|Any CPU
		{8C6C147A-459F-4BD3-9CAD-D3F72931EEE4}.Release|x64.Build.0 = Release|Any CPU
		{DA20AC48-3285-4CE9-8252-F44862127D6D}.Debug|Any CPU.ActiveCfg = Debug|Any CPU
		{DA20AC48-3285-4CE9-8252-F44862127D6D}.Debug|Any CPU.Build.0 = Debug|Any CPU
		{DA20AC48-3285-4CE9-8252-F44862127D6D}.Debug|x64.ActiveCfg = Debug|Any CPU
		{DA20AC48-3285-4CE9-8252-F44862127D6D}.Debug|x64.Build.0 = Debug|Any CPU
		{DA20AC48-3285-4CE9-8252-F44862127D6D}.DebugDBD|Any CPU.ActiveCfg = DebugDBD|Any CPU
		{DA20AC48-3285-4CE9-8252-F44862127D6D}.DebugDBD|Any CPU.Build.0 = DebugDBD|Any CPU
		{DA20AC48-3285-4CE9-8252-F44862127D6D}.DebugDBD|x64.ActiveCfg = DebugDBD|Any CPU
		{DA20AC48-3285-4CE9-8252-F44862127D6D}.DebugDBD|x64.Build.0 = DebugDBD|Any CPU
		{DA20AC48-3285-4CE9-8252-F44862127D6D}.Release|Any CPU.ActiveCfg = Release|Any CPU
		{DA20AC48-3285-4CE9-8252-F44862127D6D}.Release|Any CPU.Build.0 = Release|Any CPU
		{DA20AC48-3285-4CE9-8252-F44862127D6D}.Release|x64.ActiveCfg = Release|Any CPU
		{DA20AC48-3285-4CE9-8252-F44862127D6D}.Release|x64.Build.0 = Release|Any CPU
		{7113DE9D-E5C5-4523-B459-B1E3148F9D8B}.Debug|Any CPU.ActiveCfg = Debug|Any CPU
		{7113DE9D-E5C5-4523-B459-B1E3148F9D8B}.Debug|Any CPU.Build.0 = Debug|Any CPU
		{7113DE9D-E5C5-4523-B459-B1E3148F9D8B}.Debug|x64.ActiveCfg = Debug|Any CPU
		{7113DE9D-E5C5-4523-B459-B1E3148F9D8B}.Debug|x64.Build.0 = Debug|Any CPU
		{7113DE9D-E5C5-4523-B459-B1E3148F9D8B}.DebugDBD|Any CPU.ActiveCfg = DebugDBD|Any CPU
		{7113DE9D-E5C5-4523-B459-B1E3148F9D8B}.DebugDBD|Any CPU.Build.0 = DebugDBD|Any CPU
		{7113DE9D-E5C5-4523-B459-B1E3148F9D8B}.DebugDBD|x64.ActiveCfg = DebugDBD|Any CPU
		{7113DE9D-E5C5-4523-B459-B1E3148F9D8B}.DebugDBD|x64.Build.0 = DebugDBD|Any CPU
		{7113DE9D-E5C5-4523-B459-B1E3148F9D8B}.Release|Any CPU.ActiveCfg = Release|Any CPU
		{7113DE9D-E5C5-4523-B459-B1E3148F9D8B}.Release|Any CPU.Build.0 = Release|Any CPU
		{7113DE9D-E5C5-4523-B459-B1E3148F9D8B}.Release|x64.ActiveCfg = Release|Any CPU
		{7113DE9D-E5C5-4523-B459-B1E3148F9D8B}.Release|x64.Build.0 = Release|Any CPU
		{EA89BC18-6812-47A0-AEFF-603BFF15CC52}.Debug|Any CPU.ActiveCfg = Debug|Any CPU
		{EA89BC18-6812-47A0-AEFF-603BFF15CC52}.Debug|x64.ActiveCfg = Debug|Any CPU
		{EA89BC18-6812-47A0-AEFF-603BFF15CC52}.Debug|x64.Build.0 = Debug|Any CPU
		{EA89BC18-6812-47A0-AEFF-603BFF15CC52}.DebugDBD|Any CPU.ActiveCfg = Debug|Any CPU
		{EA89BC18-6812-47A0-AEFF-603BFF15CC52}.DebugDBD|Any CPU.Build.0 = Debug|Any CPU
		{EA89BC18-6812-47A0-AEFF-603BFF15CC52}.DebugDBD|x64.ActiveCfg = Debug|Any CPU
		{EA89BC18-6812-47A0-AEFF-603BFF15CC52}.DebugDBD|x64.Build.0 = Debug|Any CPU
		{EA89BC18-6812-47A0-AEFF-603BFF15CC52}.Release|Any CPU.ActiveCfg = Release|Any CPU
		{EA89BC18-6812-47A0-AEFF-603BFF15CC52}.Release|Any CPU.Build.0 = Release|Any CPU
		{EA89BC18-6812-47A0-AEFF-603BFF15CC52}.Release|x64.ActiveCfg = Release|Any CPU
		{EA89BC18-6812-47A0-AEFF-603BFF15CC52}.Release|x64.Build.0 = Release|Any CPU
		{92A18346-DF38-4A09-BF6F-887D53A32163}.Debug|Any CPU.ActiveCfg = Debug|Any CPU
		{92A18346-DF38-4A09-BF6F-887D53A32163}.Debug|x64.ActiveCfg = Debug|Any CPU
		{92A18346-DF38-4A09-BF6F-887D53A32163}.Debug|x64.Build.0 = Debug|Any CPU
		{92A18346-DF38-4A09-BF6F-887D53A32163}.DebugDBD|Any CPU.ActiveCfg = Debug|Any CPU
		{92A18346-DF38-4A09-BF6F-887D53A32163}.DebugDBD|Any CPU.Build.0 = Debug|Any CPU
		{92A18346-DF38-4A09-BF6F-887D53A32163}.DebugDBD|x64.ActiveCfg = Debug|Any CPU
		{92A18346-DF38-4A09-BF6F-887D53A32163}.DebugDBD|x64.Build.0 = Debug|Any CPU
		{92A18346-DF38-4A09-BF6F-887D53A32163}.Release|Any CPU.ActiveCfg = Release|Any CPU
		{92A18346-DF38-4A09-BF6F-887D53A32163}.Release|Any CPU.Build.0 = Release|Any CPU
		{92A18346-DF38-4A09-BF6F-887D53A32163}.Release|x64.ActiveCfg = Release|Any CPU
		{92A18346-DF38-4A09-BF6F-887D53A32163}.Release|x64.Build.0 = Release|Any CPU
		{BEFAB6E1-7A51-40AA-9CE7-59874F3537E6}.Debug|Any CPU.ActiveCfg = Debug|Any CPU
		{BEFAB6E1-7A51-40AA-9CE7-59874F3537E6}.Debug|x64.ActiveCfg = Debug|Any CPU
		{BEFAB6E1-7A51-40AA-9CE7-59874F3537E6}.Debug|x64.Build.0 = Debug|Any CPU
		{BEFAB6E1-7A51-40AA-9CE7-59874F3537E6}.DebugDBD|Any CPU.ActiveCfg = Debug|Any CPU
		{BEFAB6E1-7A51-40AA-9CE7-59874F3537E6}.DebugDBD|Any CPU.Build.0 = Debug|Any CPU
		{BEFAB6E1-7A51-40AA-9CE7-59874F3537E6}.DebugDBD|x64.ActiveCfg = Debug|Any CPU
		{BEFAB6E1-7A51-40AA-9CE7-59874F3537E6}.DebugDBD|x64.Build.0 = Debug|Any CPU
		{BEFAB6E1-7A51-40AA-9CE7-59874F3537E6}.Release|Any CPU.ActiveCfg = Release|Any CPU
		{BEFAB6E1-7A51-40AA-9CE7-59874F3537E6}.Release|Any CPU.Build.0 = Release|Any CPU
		{BEFAB6E1-7A51-40AA-9CE7-59874F3537E6}.Release|x64.ActiveCfg = Release|Any CPU
		{BEFAB6E1-7A51-40AA-9CE7-59874F3537E6}.Release|x64.Build.0 = Release|Any CPU
		{49EFAD28-9238-4315-83CB-89EF108F9B70}.Debug|Any CPU.ActiveCfg = Debug|Any CPU
		{49EFAD28-9238-4315-83CB-89EF108F9B70}.Debug|x64.ActiveCfg = Debug|Any CPU
		{49EFAD28-9238-4315-83CB-89EF108F9B70}.Debug|x64.Build.0 = Debug|Any CPU
		{49EFAD28-9238-4315-83CB-89EF108F9B70}.DebugDBD|Any CPU.ActiveCfg = DebugDBD|Any CPU
		{49EFAD28-9238-4315-83CB-89EF108F9B70}.DebugDBD|Any CPU.Build.0 = DebugDBD|Any CPU
		{49EFAD28-9238-4315-83CB-89EF108F9B70}.DebugDBD|x64.ActiveCfg = DebugDBD|Any CPU
		{49EFAD28-9238-4315-83CB-89EF108F9B70}.DebugDBD|x64.Build.0 = DebugDBD|Any CPU
		{49EFAD28-9238-4315-83CB-89EF108F9B70}.Release|Any CPU.ActiveCfg = Release|Any CPU
		{49EFAD28-9238-4315-83CB-89EF108F9B70}.Release|Any CPU.Build.0 = Release|Any CPU
		{49EFAD28-9238-4315-83CB-89EF108F9B70}.Release|x64.ActiveCfg = Release|Any CPU
		{49EFAD28-9238-4315-83CB-89EF108F9B70}.Release|x64.Build.0 = Release|Any CPU
		{32FEAF47-BBBE-4F5E-BF83-5DEA5E0B07D7}.Debug|Any CPU.ActiveCfg = Debug|Any CPU
		{32FEAF47-BBBE-4F5E-BF83-5DEA5E0B07D7}.Debug|x64.ActiveCfg = Debug|Any CPU
		{32FEAF47-BBBE-4F5E-BF83-5DEA5E0B07D7}.Debug|x64.Build.0 = Debug|Any CPU
		{32FEAF47-BBBE-4F5E-BF83-5DEA5E0B07D7}.DebugDBD|Any CPU.ActiveCfg = DebugDBD|Any CPU
		{32FEAF47-BBBE-4F5E-BF83-5DEA5E0B07D7}.DebugDBD|Any CPU.Build.0 = DebugDBD|Any CPU
		{32FEAF47-BBBE-4F5E-BF83-5DEA5E0B07D7}.DebugDBD|x64.ActiveCfg = DebugDBD|Any CPU
		{32FEAF47-BBBE-4F5E-BF83-5DEA5E0B07D7}.DebugDBD|x64.Build.0 = DebugDBD|Any CPU
		{32FEAF47-BBBE-4F5E-BF83-5DEA5E0B07D7}.Release|Any CPU.ActiveCfg = Release|Any CPU
		{32FEAF47-BBBE-4F5E-BF83-5DEA5E0B07D7}.Release|Any CPU.Build.0 = Release|Any CPU
		{32FEAF47-BBBE-4F5E-BF83-5DEA5E0B07D7}.Release|x64.ActiveCfg = Release|Any CPU
		{32FEAF47-BBBE-4F5E-BF83-5DEA5E0B07D7}.Release|x64.Build.0 = Release|Any CPU
	EndGlobalSection
	GlobalSection(SolutionProperties) = preSolution
		HideSolutionNode = FALSE
	EndGlobalSection
	GlobalSection(NestedProjects) = preSolution
		{04B2AA97-7677-4931-80B0-DDD988A64D97} = {04E8B32E-5407-4D18-82CC-27F35EE8A333}
		{E400498B-18D9-4ED0-959D-D2EFE3AD0E2A} = {04E8B32E-5407-4D18-82CC-27F35EE8A333}
		{342D1E91-9E00-406F-9CE0-B666E6803621} = {894375BC-CB18-4BBD-8300-C037A425A024}
		{32AB5524-539F-44CE-9660-1EE21DDE836C} = {894375BC-CB18-4BBD-8300-C037A425A024}
		{019C6FFE-F361-4ABE-8F7F-89108B23475B} = {04E8B32E-5407-4D18-82CC-27F35EE8A333}
		{992F5DA1-3CB1-4411-8B15-89F6E87678A3} = {04E8B32E-5407-4D18-82CC-27F35EE8A333}
		{C971432F-EDA3-4F56-863D-2A4E58B0C27C} = {04E8B32E-5407-4D18-82CC-27F35EE8A333}
		{BBCA6746-A879-4B27-9B18-22CFBE0C5EC8} = {04E8B32E-5407-4D18-82CC-27F35EE8A333}
		{7F7B7F05-500A-4462-98AF-C306A8DADC62} = {04E8B32E-5407-4D18-82CC-27F35EE8A333}
		{584361D4-B100-41E5-AD0F-991F5B0DF446} = {04E8B32E-5407-4D18-82CC-27F35EE8A333}
		{1BF573A7-0DD5-47CC-BE8F-FDD507A2E948} = {04E8B32E-5407-4D18-82CC-27F35EE8A333}
		{CBF81E32-2EDD-498A-AE1F-D25D66FC80F6} = {04E8B32E-5407-4D18-82CC-27F35EE8A333}
		{6B9F476B-7DA2-4232-86AB-7A24C917E941} = {04E8B32E-5407-4D18-82CC-27F35EE8A333}
		{3878125B-2396-4210-B9E5-8D0A621889A5} = {04E8B32E-5407-4D18-82CC-27F35EE8A333}
		{F75B3874-A903-4A6B-8DAF-4E7931ACB93D} = {04E8B32E-5407-4D18-82CC-27F35EE8A333}
		{7F8EDB89-291B-47F4-A31F-F3E4521C47C5} = {D2649FC9-991B-44B4-A4E0-CBDE97C99DF4}
		{07006650-3502-4223-BB1B-C771A82F7E19} = {D2649FC9-991B-44B4-A4E0-CBDE97C99DF4}
		{1ABB907B-366F-4FC5-97BC-F768076DCD3C} = {D2649FC9-991B-44B4-A4E0-CBDE97C99DF4}
		{17ECEDF4-8B2B-4186-89C4-40456F147F0D} = {D2649FC9-991B-44B4-A4E0-CBDE97C99DF4}
		{8C6C147A-459F-4BD3-9CAD-D3F72931EEE4} = {D2649FC9-991B-44B4-A4E0-CBDE97C99DF4}
		{EA89BC18-6812-47A0-AEFF-603BFF15CC52} = {D2649FC9-991B-44B4-A4E0-CBDE97C99DF4}
		{92A18346-DF38-4A09-BF6F-887D53A32163} = {D2649FC9-991B-44B4-A4E0-CBDE97C99DF4}
		{BEFAB6E1-7A51-40AA-9CE7-59874F3537E6} = {D2649FC9-991B-44B4-A4E0-CBDE97C99DF4}
		{49EFAD28-9238-4315-83CB-89EF108F9B70} = {04E8B32E-5407-4D18-82CC-27F35EE8A333}
		{32FEAF47-BBBE-4F5E-BF83-5DEA5E0B07D7} = {04E8B32E-5407-4D18-82CC-27F35EE8A333}
	EndGlobalSection
	GlobalSection(ExtensibilityGlobals) = postSolution
		SolutionGuid = {F9204EA1-9B92-42EF-B04D-09C84EE32CF9}
	EndGlobalSection
EndGlobal
